
Microsoft Visual Studio Solution File, Format Version 12.00
# Visual Studio Version 17
VisualStudioVersion = 17.7.34031.279
MinimumVisualStudioVersion = 10.0.40219.1
Project("{FAE04EC0-301F-11D3-BF4B-00C04F79EFBC}") = "E-CommerceAPI", "E-CommerceAPI\E-CommerceAPI.csproj", "{BB87F546-241C-4AC5-81EA-1BC0FD905E50}"
EndProject
Global
	GlobalSection(SolutionConfigurationPlatforms) = preSolution
		Debug|Any CPU = Debug|Any CPU
		Release|Any CPU = Release|Any CPU
	EndGlobalSection
	GlobalSection(ProjectConfigurationPlatforms) = postSolution
		{BB87F546-241C-4AC5-81EA-1BC0FD905E50}.Debug|Any CPU.ActiveCfg = Debug|Any CPU
		{BB87F546-241C-4AC5-81EA-1BC0FD905E50}.Debug|Any CPU.Build.0 = Debug|Any CPU
		{BB87F546-241C-4AC5-81EA-1BC0FD905E50}.Release|Any CPU.ActiveCfg = Release|Any CPU
		{BB87F546-241C-4AC5-81EA-1BC0FD905E50}.Release|Any CPU.Build.0 = Release|Any CPU
	EndGlobalSection
	GlobalSection(SolutionProperties) = preSolution
		HideSolutionNode = FALSE
	EndGlobalSection
	GlobalSection(ExtensibilityGlobals) = postSolution
		SolutionGuid = {3C7C86EA-4BC8-4926-BD49-533C46ADCB7B}
	EndGlobalSection
EndGlobal
